
Microsoft Visual Studio Solution File, Format Version 12.00
# Visual Studio Version 17
VisualStudioVersion = 17.7.34221.43
MinimumVisualStudioVersion = 10.0.40219.1
Project("{9A19103F-16F7-4668-BE54-9A1E7A4F7556}") = "BankCRM", "BankCRM\BankCRM.csproj", "{83EAAFCD-453B-4DF5-9FCB-FEEF3FEAC87E}"
EndProject
Project("{2150E333-8FDC-42A3-9474-1A3956D46DE8}") = "Solution Items", "Solution Items", "{98169DC0-B60A-4D0D-AF7C-409B26A991E6}"
EndProject
Project("{FAE04EC0-301F-11D3-BF4B-00C04F79EFBC}") = "CRMUI", "CRMUI\CRMUI.csproj", "{76C574CD-9D3E-4F45-A10F-E551492B59C6}"
EndProject
Global
	GlobalSection(SolutionConfigurationPlatforms) = preSolution
		Debug|Any CPU = Debug|Any CPU
		Release|Any CPU = Release|Any CPU
	EndGlobalSection
	GlobalSection(ProjectConfigurationPlatforms) = postSolution
		{83EAAFCD-453B-4DF5-9FCB-FEEF3FEAC87E}.Debug|Any CPU.ActiveCfg = Debug|Any CPU
		{83EAAFCD-453B-4DF5-9FCB-FEEF3FEAC87E}.Debug|Any CPU.Build.0 = Debug|Any CPU
		{83EAAFCD-453B-4DF5-9FCB-FEEF3FEAC87E}.Release|Any CPU.ActiveCfg = Release|Any CPU
		{83EAAFCD-453B-4DF5-9FCB-FEEF3FEAC87E}.Release|Any CPU.Build.0 = Release|Any CPU
		{76C574CD-9D3E-4F45-A10F-E551492B59C6}.Debug|Any CPU.ActiveCfg = Debug|Any CPU
		{76C574CD-9D3E-4F45-A10F-E551492B59C6}.Debug|Any CPU.Build.0 = Debug|Any CPU
		{76C574CD-9D3E-4F45-A10F-E551492B59C6}.Release|Any CPU.ActiveCfg = Release|Any CPU
		{76C574CD-9D3E-4F45-A10F-E551492B59C6}.Release|Any CPU.Build.0 = Release|Any CPU
	EndGlobalSection
	GlobalSection(SolutionProperties) = preSolution
		HideSolutionNode = FALSE
	EndGlobalSection
	GlobalSection(ExtensibilityGlobals) = postSolution
		SolutionGuid = {18D06226-AED8-4AE3-B9E8-0D08587C2622}
	EndGlobalSection
EndGlobal
